
Microsoft Visual Studio Solution File, Format Version 12.00
# Visual Studio Version 17
VisualStudioVersion = 17.13.36105.23 d17.13
MinimumVisualStudioVersion = 10.0.40219.1
Project("{FAE04EC0-301F-11D3-BF4B-00C04F79EFBC}") = "FrarySP2026DogWalker", "FrarySP2026DogWalker\FrarySP2026DogWalker.csproj", "{67D30CFE-AB65-47CF-B88E-24F552CD54CE}"
EndProject
Global
	GlobalSection(SolutionConfigurationPlatforms) = preSolution
		Debug|Any CPU = Debug|Any CPU
		Release|Any CPU = Release|Any CPU
	EndGlobalSection
	GlobalSection(ProjectConfigurationPlatforms) = postSolution
		{67D30CFE-AB65-47CF-B88E-24F552CD54CE}.Debug|Any CPU.ActiveCfg = Debug|Any CPU
		{67D30CFE-AB65-47CF-B88E-24F552CD54CE}.Debug|Any CPU.Build.0 = Debug|Any CPU
		{67D30CFE-AB65-47CF-B88E-24F552CD54CE}.Release|Any CPU.ActiveCfg = Release|Any CPU
		{67D30CFE-AB65-47CF-B88E-24F552CD54CE}.Release|Any CPU.Build.0 = Release|Any CPU
	EndGlobalSection
	GlobalSection(SolutionProperties) = preSolution
		HideSolutionNode = FALSE
	EndGlobalSection
	GlobalSection(ExtensibilityGlobals) = postSolution
		SolutionGuid = {FA8F8A49-43FF-45C0-8597-5C9114D505B7}
	EndGlobalSection
EndGlobal
